
Microsoft Visual Studio Solution File, Format Version 12.00
# Visual Studio Version 17
VisualStudioVersion = 17.4.33205.214
MinimumVisualStudioVersion = 10.0.40219.1
Project("{FAE04EC0-301F-11D3-BF4B-00C04F79EFBC}") = "ProjetoSemestre3 - Encontrar", "ProjetoSemestre3 - Encontrar.csproj", "{5187734E-8CB6-4066-B596-86723AE189DC}"
EndProject
Global
	GlobalSection(SolutionConfigurationPlatforms) = preSolution
		Debug|Any CPU = Debug|Any CPU
		Release|Any CPU = Release|Any CPU
	EndGlobalSection
	GlobalSection(ProjectConfigurationPlatforms) = postSolution
		{5187734E-8CB6-4066-B596-86723AE189DC}.Debug|Any CPU.ActiveCfg = Debug|Any CPU
		{5187734E-8CB6-4066-B596-86723AE189DC}.Debug|Any CPU.Build.0 = Debug|Any CPU
		{5187734E-8CB6-4066-B596-86723AE189DC}.Release|Any CPU.ActiveCfg = Release|Any CPU
		{5187734E-8CB6-4066-B596-86723AE189DC}.Release|Any CPU.Build.0 = Release|Any CPU
	EndGlobalSection
	GlobalSection(SolutionProperties) = preSolution
		HideSolutionNode = FALSE
	EndGlobalSection
	GlobalSection(ExtensibilityGlobals) = postSolution
		SolutionGuid = {A74B7E86-E744-4BB9-B90C-9CA85719EAFF}
	EndGlobalSection
EndGlobal
